
Microsoft Visual Studio Solution File, Format Version 12.00
# Visual Studio Version 17
VisualStudioVersion = 17.3.32811.315
MinimumVisualStudioVersion = 10.0.40219.1
Project("{FAE04EC0-301F-11D3-BF4B-00C04F79EFBC}") = "study_algorithm_csharp", "study_algorithm_csharp\study_algorithm_csharp.csproj", "{BDFE2EE4-5FFF-4B35-A29D-620BFC75672E}"
EndProject
Project("{FAE04EC0-301F-11D3-BF4B-00C04F79EFBC}") = "study_algorithm_csharpTests", "study_algorithm_csharpTests\study_algorithm_csharpTests.csproj", "{210ED4AE-0F02-4043-A8BC-022A5C224F52}"
EndProject
Global
	GlobalSection(SolutionConfigurationPlatforms) = preSolution
		Debug|Any CPU = Debug|Any CPU
		Release|Any CPU = Release|Any CPU
	EndGlobalSection
	GlobalSection(ProjectConfigurationPlatforms) = postSolution
		{BDFE2EE4-5FFF-4B35-A29D-620BFC75672E}.Debug|Any CPU.ActiveCfg = Debug|Any CPU
		{BDFE2EE4-5FFF-4B35-A29D-620BFC75672E}.Debug|Any CPU.Build.0 = Debug|Any CPU
		{BDFE2EE4-5FFF-4B35-A29D-620BFC75672E}.Release|Any CPU.ActiveCfg = Release|Any CPU
		{BDFE2EE4-5FFF-4B35-A29D-620BFC75672E}.Release|Any CPU.Build.0 = Release|Any CPU
		{210ED4AE-0F02-4043-A8BC-022A5C224F52}.Debug|Any CPU.ActiveCfg = Debug|Any CPU
		{210ED4AE-0F02-4043-A8BC-022A5C224F52}.Debug|Any CPU.Build.0 = Debug|Any CPU
		{210ED4AE-0F02-4043-A8BC-022A5C224F52}.Release|Any CPU.ActiveCfg = Release|Any CPU
		{210ED4AE-0F02-4043-A8BC-022A5C224F52}.Release|Any CPU.Build.0 = Release|Any CPU
	EndGlobalSection
	GlobalSection(SolutionProperties) = preSolution
		HideSolutionNode = FALSE
	EndGlobalSection
	GlobalSection(ExtensibilityGlobals) = postSolution
		SolutionGuid = {AC5A0F83-B315-4A04-88EE-A8F388706155}
	EndGlobalSection
EndGlobal
